# This file is automatically @generated by Cargo.
# It is not intended for manual editing.
version = 4

[[package]]
name = "leaf"
version = "0.1.0"
dependencies = [
 "leaf-boot",
 "leaf-core",
 "leaf-macros",
 "leaf-starter-redis",
 "leaf-starter-web",
 "leaf-tokio",
]

[[package]]
name = "leaf-aop-expr"
version = "0.1.0"
dependencies = [
 "leaf-core",
]

[[package]]
name = "leaf-boot"
version = "0.1.0"
dependencies = [
 "leaf-codegen",
 "leaf-conditions",
 "leaf-config",
 "leaf-core",
]

[[package]]
name = "leaf-cache"
version = "0.1.0"
dependencies = [
 "leaf-core",
]

[[package]]
name = "leaf-codegen"
version = "0.1.0"
dependencies = [
 "leaf-core",
]

[[package]]
name = "leaf-conditions"
version = "0.1.0"
dependencies = [
 "leaf-core",
]

[[package]]
name = "leaf-config"
version = "0.1.0"
dependencies = [
 "leaf-core",
]

[[package]]
name = "leaf-core"
version = "0.1.0"

[[package]]
name = "leaf-cron"
version = "0.1.0"
dependencies = [
 "leaf-core",
]

[[package]]
name = "leaf-figlet"
version = "0.1.0"

[[package]]
name = "leaf-i18n"
version = "0.1.0"
dependencies = [
 "leaf-core",
]

[[package]]
name = "leaf-macros"
version = "0.1.0"
dependencies = [
 "leaf-codegen",
]

[[package]]
name = "leaf-redis"
version = "0.1.0"
dependencies = [
 "leaf-core",
 "leaf-tokio",
]

[[package]]
name = "leaf-resilience"
version = "0.1.0"
dependencies = [
 "leaf-core",
 "leaf-cron",
]

[[package]]
name = "leaf-serde"
version = "0.1.0"
dependencies = [
 "leaf-core",
]

[[package]]
name = "leaf-smol"
version = "0.1.0"
dependencies = [
 "leaf-core",
]

[[package]]
name = "leaf-starter-redis"
version = "0.1.0"
dependencies = [
 "leaf-redis",
 "leaf-tokio",
]

[[package]]
name = "leaf-starter-web"
version = "0.1.0"
dependencies = [
 "leaf-tokio",
 "leaf-validation",
]

[[package]]
name = "leaf-tokio"
version = "0.1.0"
dependencies = [
 "leaf-core",
]

[[package]]
name = "leaf-tx"
version = "0.1.0"
dependencies = [
 "leaf-core",
]

[[package]]
name = "leaf-validation"
version = "0.1.0"
dependencies = [
 "leaf-core",
]
